
Microsoft Visual Studio Solution File, Format Version 12.00
# Visual Studio Version 17
VisualStudioVersion = 17.14.36408.4
MinimumVisualStudioVersion = 10.0.40219.1
Project("{FAE04EC0-301F-11D3-BF4B-00C04F79EFBC}") = "ConsoleAppPerson", "ConsoleAppInheritanceAssignments\ConsoleAppPerson.csproj", "{1B6DE3A2-E729-4D8A-8C52-F79F0E3380EF}"
EndProject
Project("{FAE04EC0-301F-11D3-BF4B-00C04F79EFBC}") = "ConsoleAppEmployee", "ConsoleAppEmployee\ConsoleAppEmployee.csproj", "{8ECF736D-AECE-4896-B991-1AFBFFABDB33}"
EndProject
Project("{FAE04EC0-301F-11D3-BF4B-00C04F79EFBC}") = "ConsoleAppUniversity", "ConsoleAppUniversity\ConsoleAppUniversity.csproj", "{713F888E-1DB8-4725-8460-13CEFEF0F80B}"
EndProject
Project("{FAE04EC0-301F-11D3-BF4B-00C04F79EFBC}") = "ConsoleAppCellphoneAccountsSystem", "ConsoleAppCellphoneAccountsSystem\ConsoleAppCellphoneAccountsSystem.csproj", "{5348D547-934D-4BA5-AE41-C1D32B90E066}"
EndProject
Global
	GlobalSection(SolutionConfigurationPlatforms) = preSolution
		Debug|Any CPU = Debug|Any CPU
		Release|Any CPU = Release|Any CPU
	EndGlobalSection
	GlobalSection(ProjectConfigurationPlatforms) = postSolution
		{1B6DE3A2-E729-4D8A-8C52-F79F0E3380EF}.Debug|Any CPU.ActiveCfg = Debug|Any CPU
		{1B6DE3A2-E729-4D8A-8C52-F79F0E3380EF}.Debug|Any CPU.Build.0 = Debug|Any CPU
		{1B6DE3A2-E729-4D8A-8C52-F79F0E3380EF}.Release|Any CPU.ActiveCfg = Release|Any CPU
		{1B6DE3A2-E729-4D8A-8C52-F79F0E3380EF}.Release|Any CPU.Build.0 = Release|Any CPU
		{8ECF736D-AECE-4896-B991-1AFBFFABDB33}.Debug|Any CPU.ActiveCfg = Debug|Any CPU
		{8ECF736D-AECE-4896-B991-1AFBFFABDB33}.Debug|Any CPU.Build.0 = Debug|Any CPU
		{8ECF736D-AECE-4896-B991-1AFBFFABDB33}.Release|Any CPU.ActiveCfg = Release|Any CPU
		{8ECF736D-AECE-4896-B991-1AFBFFABDB33}.Release|Any CPU.Build.0 = Release|Any CPU
		{713F888E-1DB8-4725-8460-13CEFEF0F80B}.Debug|Any CPU.ActiveCfg = Debug|Any CPU
		{713F888E-1DB8-4725-8460-13CEFEF0F80B}.Debug|Any CPU.Build.0 = Debug|Any CPU
		{713F888E-1DB8-4725-8460-13CEFEF0F80B}.Release|Any CPU.ActiveCfg = Release|Any CPU
		{713F888E-1DB8-4725-8460-13CEFEF0F80B}.Release|Any CPU.Build.0 = Release|Any CPU
		{5348D547-934D-4BA5-AE41-C1D32B90E066}.Debug|Any CPU.ActiveCfg = Debug|Any CPU
		{5348D547-934D-4BA5-AE41-C1D32B90E066}.Debug|Any CPU.Build.0 = Debug|Any CPU
		{5348D547-934D-4BA5-AE41-C1D32B90E066}.Release|Any CPU.ActiveCfg = Release|Any CPU
		{5348D547-934D-4BA5-AE41-C1D32B90E066}.Release|Any CPU.Build.0 = Release|Any CPU
	EndGlobalSection
	GlobalSection(SolutionProperties) = preSolution
		HideSolutionNode = FALSE
	EndGlobalSection
	GlobalSection(ExtensibilityGlobals) = postSolution
		SolutionGuid = {28AED750-7400-446B-882F-0D3415DF2C1F}
	EndGlobalSection
EndGlobal
