
Microsoft Visual Studio Solution File, Format Version 12.00
# Visual Studio Version 17
VisualStudioVersion = 17.14.36414.22 d17.14
MinimumVisualStudioVersion = 10.0.40219.1
Project("{FAE04EC0-301F-11D3-BF4B-00C04F79EFBC}") = "ConsoleAppEmployee", "ConsoleAppExceptionHandlingAssignment\ConsoleAppEmployee.csproj", "{F7D80E83-128A-475B-8345-C751B6042FCA}"
EndProject
Project("{FAE04EC0-301F-11D3-BF4B-00C04F79EFBC}") = "ConsoleAppArithmetic", "ConsoleAppArithmetic\ConsoleAppArithmetic.csproj", "{7C985783-8CFC-4158-878A-B7845C587A1F}"
EndProject
Project("{FAE04EC0-301F-11D3-BF4B-00C04F79EFBC}") = "ConsoleAppArray", "ConsoleAppArray\ConsoleAppArray.csproj", "{DFB03717-235E-41E8-A81C-D017E36595F5}"
EndProject
Project("{FAE04EC0-301F-11D3-BF4B-00C04F79EFBC}") = "ConsoleAppPrime", "ConsoleAppPrime\ConsoleAppPrime.csproj", "{FBC3EAB7-1511-4C79-B1C7-AA50DBBF1A95}"
EndProject
Global
	GlobalSection(SolutionConfigurationPlatforms) = preSolution
		Debug|Any CPU = Debug|Any CPU
		Release|Any CPU = Release|Any CPU
	EndGlobalSection
	GlobalSection(ProjectConfigurationPlatforms) = postSolution
		{F7D80E83-128A-475B-8345-C751B6042FCA}.Debug|Any CPU.ActiveCfg = Debug|Any CPU
		{F7D80E83-128A-475B-8345-C751B6042FCA}.Debug|Any CPU.Build.0 = Debug|Any CPU
		{F7D80E83-128A-475B-8345-C751B6042FCA}.Release|Any CPU.ActiveCfg = Release|Any CPU
		{F7D80E83-128A-475B-8345-C751B6042FCA}.Release|Any CPU.Build.0 = Release|Any CPU
		{7C985783-8CFC-4158-878A-B7845C587A1F}.Debug|Any CPU.ActiveCfg = Debug|Any CPU
		{7C985783-8CFC-4158-878A-B7845C587A1F}.Debug|Any CPU.Build.0 = Debug|Any CPU
		{7C985783-8CFC-4158-878A-B7845C587A1F}.Release|Any CPU.ActiveCfg = Release|Any CPU
		{7C985783-8CFC-4158-878A-B7845C587A1F}.Release|Any CPU.Build.0 = Release|Any CPU
		{DFB03717-235E-41E8-A81C-D017E36595F5}.Debug|Any CPU.ActiveCfg = Debug|Any CPU
		{DFB03717-235E-41E8-A81C-D017E36595F5}.Debug|Any CPU.Build.0 = Debug|Any CPU
		{DFB03717-235E-41E8-A81C-D017E36595F5}.Release|Any CPU.ActiveCfg = Release|Any CPU
		{DFB03717-235E-41E8-A81C-D017E36595F5}.Release|Any CPU.Build.0 = Release|Any CPU
		{FBC3EAB7-1511-4C79-B1C7-AA50DBBF1A95}.Debug|Any CPU.ActiveCfg = Debug|Any CPU
		{FBC3EAB7-1511-4C79-B1C7-AA50DBBF1A95}.Debug|Any CPU.Build.0 = Debug|Any CPU
		{FBC3EAB7-1511-4C79-B1C7-AA50DBBF1A95}.Release|Any CPU.ActiveCfg = Release|Any CPU
		{FBC3EAB7-1511-4C79-B1C7-AA50DBBF1A95}.Release|Any CPU.Build.0 = Release|Any CPU
	EndGlobalSection
	GlobalSection(SolutionProperties) = preSolution
		HideSolutionNode = FALSE
	EndGlobalSection
	GlobalSection(ExtensibilityGlobals) = postSolution
		SolutionGuid = {F0D2082B-A6C3-424D-8241-FB557D38159A}
	EndGlobalSection
EndGlobal
